
Microsoft Visual Studio Solution File, Format Version 12.00
# Visual Studio Version 18
VisualStudioVersion = 18.6.11822.322 stable
MinimumVisualStudioVersion = 10.0.40219.1
Project("{FAE04EC0-301F-11D3-BF4B-00C04F79EFBC}") = "HoverColors", "HoverColors\HoverColors.csproj", "{40713286-E1C9-6A92-A4B0-A2FA8FCC17D0}"
EndProject
Global
	GlobalSection(SolutionConfigurationPlatforms) = preSolution
		Debug|Any CPU = Debug|Any CPU
		Release|Any CPU = Release|Any CPU
	EndGlobalSection
	GlobalSection(ProjectConfigurationPlatforms) = postSolution
		{40713286-E1C9-6A92-A4B0-A2FA8FCC17D0}.Debug|Any CPU.ActiveCfg = Debug|Any CPU
		{40713286-E1C9-6A92-A4B0-A2FA8FCC17D0}.Debug|Any CPU.Build.0 = Debug|Any CPU
		{40713286-E1C9-6A92-A4B0-A2FA8FCC17D0}.Release|Any CPU.ActiveCfg = Release|Any CPU
		{40713286-E1C9-6A92-A4B0-A2FA8FCC17D0}.Release|Any CPU.Build.0 = Release|Any CPU
	EndGlobalSection
	GlobalSection(SolutionProperties) = preSolution
		HideSolutionNode = FALSE
	EndGlobalSection
	GlobalSection(ExtensibilityGlobals) = postSolution
		SolutionGuid = {9EEE568A-CB92-4811-B515-12D2D9703916}
	EndGlobalSection
EndGlobal
